
Microsoft Visual Studio Solution File, Format Version 12.00
# Visual Studio Version 17
VisualStudioVersion = 17.11.35208.52
MinimumVisualStudioVersion = 10.0.40219.1
Project("{2150E333-8FDC-42A3-9474-1A3956D46DE8}") = "Core", "Core", "{BFB181D9-E8CE-49EA-AB87-A0495ED74A65}"
EndProject
Project("{2150E333-8FDC-42A3-9474-1A3956D46DE8}") = "Application", "Application", "{1376E743-43E3-4197-A4CD-AA6F6DAF6A59}"
EndProject
Project("{2150E333-8FDC-42A3-9474-1A3956D46DE8}") = "Persistance", "Persistance", "{79E42C98-C943-4B85-9259-E88C571F2432}"
EndProject
Project("{2150E333-8FDC-42A3-9474-1A3956D46DE8}") = "WebApi", "WebApi", "{9FEBC6A4-C7A1-4DBB-949F-74BB86795DF0}"
EndProject
Project("{FAE04EC0-301F-11D3-BF4B-00C04F79EFBC}") = "Application", "Application\Application\Application.csproj", "{A2389806-1E55-4692-85D2-B86B1F6C1D4E}"
EndProject
Project("{2150E333-8FDC-42A3-9474-1A3956D46DE8}") = "Domain", "Domain", "{6FD4AACA-B347-4EF5-9A6A-1E3C2F7E81B3}"
EndProject
Project("{FAE04EC0-301F-11D3-BF4B-00C04F79EFBC}") = "Domain", "Core\Domain\Domain\Domain.csproj", "{DD2F7CC7-38E9-4C26-9495-AFEB2F141DC6}"
EndProject
Project("{FAE04EC0-301F-11D3-BF4B-00C04F79EFBC}") = "Persistance", "Persistance\Persistance\Persistance.csproj", "{852AE58C-80F2-4581-A0A4-9221FBD6EFE8}"
EndProject
Project("{FAE04EC0-301F-11D3-BF4B-00C04F79EFBC}") = "WebApi", "WebApi\WebApi\WebApi.csproj", "{ECF1636F-753B-41F0-B221-B4D9D04E6DDA}"
EndProject
Global
	GlobalSection(SolutionConfigurationPlatforms) = preSolution
		Debug|Any CPU = Debug|Any CPU
		Release|Any CPU = Release|Any CPU
	EndGlobalSection
	GlobalSection(ProjectConfigurationPlatforms) = postSolution
		{A2389806-1E55-4692-85D2-B86B1F6C1D4E}.Debug|Any CPU.ActiveCfg = Debug|Any CPU
		{A2389806-1E55-4692-85D2-B86B1F6C1D4E}.Debug|Any CPU.Build.0 = Debug|Any CPU
		{A2389806-1E55-4692-85D2-B86B1F6C1D4E}.Release|Any CPU.ActiveCfg = Release|Any CPU
		{A2389806-1E55-4692-85D2-B86B1F6C1D4E}.Release|Any CPU.Build.0 = Release|Any CPU
		{DD2F7CC7-38E9-4C26-9495-AFEB2F141DC6}.Debug|Any CPU.ActiveCfg = Debug|Any CPU
		{DD2F7CC7-38E9-4C26-9495-AFEB2F141DC6}.Debug|Any CPU.Build.0 = Debug|Any CPU
		{DD2F7CC7-38E9-4C26-9495-AFEB2F141DC6}.Release|Any CPU.ActiveCfg = Release|Any CPU
		{DD2F7CC7-38E9-4C26-9495-AFEB2F141DC6}.Release|Any CPU.Build.0 = Release|Any CPU
		{852AE58C-80F2-4581-A0A4-9221FBD6EFE8}.Debug|Any CPU.ActiveCfg = Debug|Any CPU
		{852AE58C-80F2-4581-A0A4-9221FBD6EFE8}.Debug|Any CPU.Build.0 = Debug|Any CPU
		{852AE58C-80F2-4581-A0A4-9221FBD6EFE8}.Release|Any CPU.ActiveCfg = Release|Any CPU
		{852AE58C-80F2-4581-A0A4-9221FBD6EFE8}.Release|Any CPU.Build.0 = Release|Any CPU
		{ECF1636F-753B-41F0-B221-B4D9D04E6DDA}.Debug|Any CPU.ActiveCfg = Debug|Any CPU
		{ECF1636F-753B-41F0-B221-B4D9D04E6DDA}.Debug|Any CPU.Build.0 = Debug|Any CPU
		{ECF1636F-753B-41F0-B221-B4D9D04E6DDA}.Release|Any CPU.ActiveCfg = Release|Any CPU
		{ECF1636F-753B-41F0-B221-B4D9D04E6DDA}.Release|Any CPU.Build.0 = Release|Any CPU
	EndGlobalSection
	GlobalSection(SolutionProperties) = preSolution
		HideSolutionNode = FALSE
	EndGlobalSection
	GlobalSection(NestedProjects) = preSolution
		{A2389806-1E55-4692-85D2-B86B1F6C1D4E} = {1376E743-43E3-4197-A4CD-AA6F6DAF6A59}
		{6FD4AACA-B347-4EF5-9A6A-1E3C2F7E81B3} = {BFB181D9-E8CE-49EA-AB87-A0495ED74A65}
		{DD2F7CC7-38E9-4C26-9495-AFEB2F141DC6} = {6FD4AACA-B347-4EF5-9A6A-1E3C2F7E81B3}
		{852AE58C-80F2-4581-A0A4-9221FBD6EFE8} = {79E42C98-C943-4B85-9259-E88C571F2432}
		{ECF1636F-753B-41F0-B221-B4D9D04E6DDA} = {9FEBC6A4-C7A1-4DBB-949F-74BB86795DF0}
	EndGlobalSection
	GlobalSection(ExtensibilityGlobals) = postSolution
		SolutionGuid = {D91C9CA3-23A4-4D21-BF0D-88F9AC083CD6}
	EndGlobalSection
EndGlobal
